
Microsoft Visual Studio Solution File, Format Version 12.00
# Visual Studio Version 17
VisualStudioVersion = 17.8.34330.188
MinimumVisualStudioVersion = 10.0.40219.1
Project("{FAE04EC0-301F-11D3-BF4B-00C04F79EFBC}") = "TestDemoConsole", "TestDemoConsole\TestDemoConsole.csproj", "{FE3F5753-5CD1-4E9F-B976-A66E1027AB26}"
EndProject
Global
	GlobalSection(SolutionConfigurationPlatforms) = preSolution
		Debug|Any CPU = Debug|Any CPU
		Release|Any CPU = Release|Any CPU
	EndGlobalSection
	GlobalSection(ProjectConfigurationPlatforms) = postSolution
		{FE3F5753-5CD1-4E9F-B976-A66E1027AB26}.Debug|Any CPU.ActiveCfg = Debug|Any CPU
		{FE3F5753-5CD1-4E9F-B976-A66E1027AB26}.Debug|Any CPU.Build.0 = Debug|Any CPU
		{FE3F5753-5CD1-4E9F-B976-A66E1027AB26}.Release|Any CPU.ActiveCfg = Release|Any CPU
		{FE3F5753-5CD1-4E9F-B976-A66E1027AB26}.Release|Any CPU.Build.0 = Release|Any CPU
	EndGlobalSection
	GlobalSection(SolutionProperties) = preSolution
		HideSolutionNode = FALSE
	EndGlobalSection
	GlobalSection(ExtensibilityGlobals) = postSolution
		SolutionGuid = {2686D74E-54C4-4553-AE12-52BA486EE86B}
	EndGlobalSection
EndGlobal
